lockfileVersion: 5.4

specifiers:
  install: ^0.13.0
  monaco-editor: ^0.40.0
  typescript: ^5.1.6

dependencies:
  install: 0.13.0
  monaco-editor: 0.40.0

devDependencies:
  typescript: 5.1.6

packages:

  /install/0.13.0:
    resolution: {integrity: sha512-zDml/jzr2PKU9I8J/xyZBQn8rPCAY//UOYNmR01XwNwyfhEWObo2SWfSl1+0tm1u6PhxLwDnfsT/6jB7OUxqFA==}
    engines: {node: '>= 0.10'}
    dev: false

  /monaco-editor/0.40.0:
    resolution: {integrity: sha512-1wymccLEuFSMBvCk/jT1YDW/GuxMLYwnFwF9CDyYCxoTw2Pt379J3FUhwy9c43j51JdcxVPjwk0jm0EVDsBS2g==}
    dev: false

  /typescript/5.1.6:
    resolution: {integrity: sha512-zaWCozRZ6DLEWAWFrVDz1H6FVXzUSfTy5FUMWsQlU8Ym5JP9eO4xkTIROFCQvhQf61z6O/G6ugw3SgAnvvm+HA==}
    engines: {node: '>=14.17'}
    hasBin: true
    dev: true
